
Microsoft Visual Studio Solution File, Format Version 12.00
# Visual Studio Version 17
VisualStudioVersion = 17.7.34221.43
MinimumVisualStudioVersion = 10.0.40219.1
Project("{FAE04EC0-301F-11D3-BF4B-00C04F79EFBC}") = "BestBuyBestPractices", "BestBuyBestPractices\BestBuyBestPractices.csproj", "{EA8CE300-2AE4-4D59-97C9-37B605C263B3}"
EndProject
Global
	GlobalSection(SolutionConfigurationPlatforms) = preSolution
		Debug|Any CPU = Debug|Any CPU
		Release|Any CPU = Release|Any CPU
	EndGlobalSection
	GlobalSection(ProjectConfigurationPlatforms) = postSolution
		{EA8CE300-2AE4-4D59-97C9-37B605C263B3}.Debug|Any CPU.ActiveCfg = Debug|Any CPU
		{EA8CE300-2AE4-4D59-97C9-37B605C263B3}.Debug|Any CPU.Build.0 = Debug|Any CPU
		{EA8CE300-2AE4-4D59-97C9-37B605C263B3}.Release|Any CPU.ActiveCfg = Release|Any CPU
		{EA8CE300-2AE4-4D59-97C9-37B605C263B3}.Release|Any CPU.Build.0 = Release|Any CPU
	EndGlobalSection
	GlobalSection(SolutionProperties) = preSolution
		HideSolutionNode = FALSE
	EndGlobalSection
	GlobalSection(ExtensibilityGlobals) = postSolution
		SolutionGuid = {1A590A04-9B3C-4B9A-BE5E-8F46F1363A65}
	EndGlobalSection
EndGlobal
